// !$*UTF8*$!
{
	archiveVersion = 1;
	classes = {
	};
	objectVersion = 55;
	objects = {

/* Begin PBXBuildFile section */
		2D3ED89D282DCB93005301A5 /* HeaderView.swift in Sources */ = {isa = PBXBuildFile; fileRef = 2D3ED89C282DCB93005301A5 /* HeaderView.swift */; };
		2D3ED89F282DD1D1005301A5 /* HeaderModel.swift in Sources */ = {isa = PBXBuildFile; fileRef = 2D3ED89E282DD1D0005301A5 /* HeaderModel.swift */; };
		2D3ED8A1282DD29D005301A5 /* HeaderData.swift in Sources */ = {isa = PBXBuildFile; fileRef = 2D3ED8A0282DD29D005301A5 /* HeaderData.swift */; };
		2D3ED8A3282DDD58005301A5 /* DishesView.swift in Sources */ = {isa = PBXBuildFile; fileRef = 2D3ED8A2282DDD58005301A5 /* DishesView.swift */; };
		2D3ED8A5282DE568005301A5 /* FactsView.swift in Sources */ = {isa = PBXBuildFile; fileRef = 2D3ED8A4282DE567005301A5 /* FactsView.swift */; };
		2D3ED8A7282DF142005301A5 /* FactModel.swift in Sources */ = {isa = PBXBuildFile; fileRef = 2D3ED8A6282DF142005301A5 /* FactModel.swift */; };
		2D3ED8A9282DF3D0005301A5 /* FactData.swift in Sources */ = {isa = PBXBuildFile; fileRef = 2D3ED8A8282DF3D0005301A5 /* FactData.swift */; };
		2D3ED8AB282DF7A5005301A5 /* RecipeModel.swift in Sources */ = {isa = PBXBuildFile; fileRef = 2D3ED8AA282DF7A5005301A5 /* RecipeModel.swift */; };
		2D3ED8AD282DF7D9005301A5 /* RecipeData.swift in Sources */ = {isa = PBXBuildFile; fileRef = 2D3ED8AC282DF7D9005301A5 /* RecipeData.swift */; };
		2D3ED8AF282DF85F005301A5 /* RecipeCardView.swift in Sources */ = {isa = PBXBuildFile; fileRef = 2D3ED8AE282DF85F005301A5 /* RecipeCardView.swift */; };
		2D3ED8B1282EA3F3005301A5 /* RecipeRatingView.swift in Sources */ = {isa = PBXBuildFile; fileRef = 2D3ED8B0282EA3F2005301A5 /* RecipeRatingView.swift */; };
		2D3ED8B3282EA4C3005301A5 /* RecipeCookingView.swift in Sources */ = {isa = PBXBuildFile; fileRef = 2D3ED8B2282EA4C3005301A5 /* RecipeCookingView.swift */; };
		2D3ED8B5282EA5EB005301A5 /* RecipeDetailView.swift in Sources */ = {isa = PBXBuildFile; fileRef = 2D3ED8B4282EA5EB005301A5 /* RecipeDetailView.swift */; };
		2D3ED8B7282ECD0F005301A5 /* RipeningView.swift in Sources */ = {isa = PBXBuildFile; fileRef = 2D3ED8B6282ECD0F005301A5 /* RipeningView.swift */; };
		2D3ED8B9282EF4BD005301A5 /* RipeningModel.swift in Sources */ = {isa = PBXBuildFile; fileRef = 2D3ED8B8282EF4BD005301A5 /* RipeningModel.swift */; };
		2D3ED8BB282EF4CC005301A5 /* RipeningData.swift in Sources */ = {isa = PBXBuildFile; fileRef = 2D3ED8BA282EF4CC005301A5 /* RipeningData.swift */; };
		2DA5E6162821FD4A00744D57 /* AvocadoApp.swift in Sources */ = {isa = PBXBuildFile; fileRef = 2DA5E6152821FD4900744D57 /* AvocadoApp.swift */; };
		2DA5E6182821FD4A00744D57 /* ContentView.swift in Sources */ = {isa = PBXBuildFile; fileRef = 2DA5E6172821FD4A00744D57 /* ContentView.swift */; };
		2DA5E61A2821FD4D00744D57 /* Assets.xcassets in Resources */ = {isa = PBXBuildFile; fileRef = 2DA5E6192821FD4D00744D57 /* Assets.xcassets */; };
		2DA5E61D2821FD4D00744D57 /* Preview Assets.xcassets in Resources */ = {isa = PBXBuildFile; fileRef = 2DA5E61C2821FD4D00744D57 /* Preview Assets.xcassets */; };
		2DA5E62928220D9300744D57 /* AvocadosView.swift in Sources */ = {isa = PBXBuildFile; fileRef = 2DA5E62828220D9300744D57 /* AvocadosView.swift */; };
		2DA5E62B28220DD100744D57 /* RipeningStagesView.swift in Sources */ = {isa = PBXBuildFile; fileRef = 2DA5E62A28220DD100744D57 /* RipeningStagesView.swift */; };
		2DA5E62D28220DE600744D57 /* SettingsView.swift in Sources */ = {isa = PBXBuildFile; fileRef = 2DA5E62C28220DE600744D57 /* SettingsView.swift */; };
		2DA5E62F28220E1B00744D57 /* AppView.swift in Sources */ = {isa = PBXBuildFile; fileRef = 2DA5E62E28220E1B00744D57 /* AppView.swift */; };
/* End PBXBuildFile section */

/* Begin PBXFileReference section */
		2D3ED89C282DCB93005301A5 /* HeaderView.swift */ = {isa = PBXFileReference; lastKnownFileType = sourcecode.swift; path = HeaderView.swift; sourceTree = "<group>"; };
		2D3ED89E282DD1D0005301A5 /* HeaderModel.swift */ = {isa = PBXFileReference; lastKnownFileType = sourcecode.swift; path = HeaderModel.swift; sourceTree = "<group>"; };
		2D3ED8A0282DD29D005301A5 /* HeaderData.swift */ = {isa = PBXFileReference; lastKnownFileType = sourcecode.swift; path = HeaderData.swift; sourceTree = "<group>"; };
		2D3ED8A2282DDD58005301A5 /* DishesView.swift */ = {isa = PBXFileReference; lastKnownFileType = sourcecode.swift; path = DishesView.swift; sourceTree = "<group>"; };
		2D3ED8A4282DE567005301A5 /* FactsView.swift */ = {isa = PBXFileReference; lastKnownFileType = sourcecode.swift; path = FactsView.swift; sourceTree = "<group>"; };
		2D3ED8A6282DF142005301A5 /* FactModel.swift */ = {isa = PBXFileReference; lastKnownFileType = sourcecode.swift; path = FactModel.swift; sourceTree = "<group>"; };
		2D3ED8A8282DF3D0005301A5 /* FactData.swift */ = {isa = PBXFileReference; lastKnownFileType = sourcecode.swift; path = FactData.swift; sourceTree = "<group>"; };
		2D3ED8AA282DF7A5005301A5 /* RecipeModel.swift */ = {isa = PBXFileReference; lastKnownFileType = sourcecode.swift; path = RecipeModel.swift; sourceTree = "<group>"; };
		2D3ED8AC282DF7D9005301A5 /* RecipeData.swift */ = {isa = PBXFileReference; lastKnownFileType = sourcecode.swift; path = RecipeData.swift; sourceTree = "<group>"; };
		2D3ED8AE282DF85F005301A5 /* RecipeCardView.swift */ = {isa = PBXFileReference; lastKnownFileType = sourcecode.swift; path = RecipeCardView.swift; sourceTree = "<group>"; };
		2D3ED8B0282EA3F2005301A5 /* RecipeRatingView.swift */ = {isa = PBXFileReference; lastKnownFileType = sourcecode.swift; path = RecipeRatingView.swift; sourceTree = "<group>"; };
		2D3ED8B2282EA4C3005301A5 /* RecipeCookingView.swift */ = {isa = PBXFileReference; lastKnownFileType = sourcecode.swift; path = RecipeCookingView.swift; sourceTree = "<group>"; };
		2D3ED8B4282EA5EB005301A5 /* RecipeDetailView.swift */ = {isa = PBXFileReference; lastKnownFileType = sourcecode.swift; path = RecipeDetailView.swift; sourceTree = "<group>"; };
		2D3ED8B6282ECD0F005301A5 /* RipeningView.swift */ = {isa = PBXFileReference; lastKnownFileType = sourcecode.swift; path = RipeningView.swift; sourceTree = "<group>"; };
		2D3ED8B8282EF4BD005301A5 /* RipeningModel.swift */ = {isa = PBXFileReference; lastKnownFileType = sourcecode.swift; path = RipeningModel.swift; sourceTree = "<group>"; };
		2D3ED8BA282EF4CC005301A5 /* RipeningData.swift */ = {isa = PBXFileReference; lastKnownFileType = sourcecode.swift; path = RipeningData.swift; sourceTree = "<group>"; };
		2DA5E6122821FD4900744D57 /* Avocado.app */ = {isa = PBXFileReference; explicitFileType = wrapper.application; includeInIndex = 0; path = Avocado.app; sourceTree = BUILT_PRODUCTS_DIR; };
		2DA5E6152821FD4900744D57 /* AvocadoApp.swift */ = {isa = PBXFileReference; lastKnownFileType = sourcecode.swift; path = AvocadoApp.swift; sourceTree = "<group>"; };
		2DA5E6172821FD4A00744D57 /* ContentView.swift */ = {isa = PBXFileReference; lastKnownFileType = sourcecode.swift; path = ContentView.swift; sourceTree = "<group>"; };
		2DA5E6192821FD4D00744D57 /* Assets.xcassets */ = {isa = PBXFileReference; lastKnownFileType = folder.assetcatalog; path = Assets.xcassets; sourceTree = "<group>"; };
		2DA5E61C2821FD4D00744D57 /* Preview Assets.xcassets */ = {isa = PBXFileReference; lastKnownFileType = folder.assetcatalog; path = "Preview Assets.xcassets"; sourceTree = "<group>"; };
		2DA5E6232822043400744D57 /* Info.plist */ = {isa = PBXFileReference; lastKnownFileType = text.plist; path = Info.plist; sourceTree = "<group>"; };
		2DA5E62828220D9300744D57 /* AvocadosView.swift */ = {isa = PBXFileReference; lastKnownFileType = sourcecode.swift; path = AvocadosView.swift; sourceTree = "<group>"; };
		2DA5E62A28220DD100744D57 /* RipeningStagesView.swift */ = {isa = PBXFileReference; lastKnownFileType = sourcecode.swift; path = RipeningStagesView.swift; sourceTree = "<group>"; };
		2DA5E62C28220DE600744D57 /* SettingsView.swift */ = {isa = PBXFileReference; lastKnownFileType = sourcecode.swift; path = SettingsView.swift; sourceTree = "<group>"; };
		2DA5E62E28220E1B00744D57 /* AppView.swift */ = {isa = PBXFileReference; lastKnownFileType = sourcecode.swift; path = AppView.swift; sourceTree = "<group>"; };
/* End PBXFileReference section */

/* Begin PBXFrameworksBuildPhase section */
		2DA5E60F2821FD4900744D57 /* Frameworks */ = {
			isa = PBXFrameworksBuildPhase;
			buildActionMask = 2147483647;
			files = (
			);
			runOnlyForDeploymentPostprocessing = 0;
		};
/* End PBXFrameworksBuildPhase section */

/* Begin PBXGroup section */
		2DA5E6092821FD4900744D57 = {
			isa = PBXGroup;
			children = (
				2DA5E6142821FD4900744D57 /* Avocado */,
				2DA5E6132821FD4900744D57 /* Products */,
			);
			sourceTree = "<group>";
		};
		2DA5E6132821FD4900744D57 /* Products */ = {
			isa = PBXGroup;
			children = (
				2DA5E6122821FD4900744D57 /* Avocado.app */,
			);
			name = Products;
			sourceTree = "<group>";
		};
		2DA5E6142821FD4900744D57 /* Avocado */ = {
			isa = PBXGroup;
			children = (
				2DA5E62728220D5500744D57 /* App */,
				2DA5E62628220D2B00744D57 /* View */,
				2DA5E62528220D2300744D57 /* Model */,
				2DA5E62428220D1D00744D57 /* Data */,
				2DA5E6232822043400744D57 /* Info.plist */,
				2DA5E6192821FD4D00744D57 /* Assets.xcassets */,
				2DA5E61B2821FD4D00744D57 /* Preview Content */,
			);
			path = Avocado;
			sourceTree = "<group>";
		};
		2DA5E61B2821FD4D00744D57 /* Preview Content */ = {
			isa = PBXGroup;
			children = (
				2DA5E61C2821FD4D00744D57 /* Preview Assets.xcassets */,
			);
			path = "Preview Content";
			sourceTree = "<group>";
		};
		2DA5E62428220D1D00744D57 /* Data */ = {
			isa = PBXGroup;
			children = (
				2D3ED8A0282DD29D005301A5 /* HeaderData.swift */,
				2D3ED8A8282DF3D0005301A5 /* FactData.swift */,
				2D3ED8AC282DF7D9005301A5 /* RecipeData.swift */,
				2D3ED8BA282EF4CC005301A5 /* RipeningData.swift */,
			);
			path = Data;
			sourceTree = "<group>";
		};
		2DA5E62528220D2300744D57 /* Model */ = {
			isa = PBXGroup;
			children = (
				2D3ED89E282DD1D0005301A5 /* HeaderModel.swift */,
				2D3ED8A6282DF142005301A5 /* FactModel.swift */,
				2D3ED8AA282DF7A5005301A5 /* RecipeModel.swift */,
				2D3ED8B8282EF4BD005301A5 /* RipeningModel.swift */,
			);
			path = Model;
			sourceTree = "<group>";
		};
		2DA5E62628220D2B00744D57 /* View */ = {
			isa = PBXGroup;
			children = (
				2DA5E6172821FD4A00744D57 /* ContentView.swift */,
				2DA5E62828220D9300744D57 /* AvocadosView.swift */,
				2DA5E62A28220DD100744D57 /* RipeningStagesView.swift */,
				2DA5E62C28220DE600744D57 /* SettingsView.swift */,
				2DA5E62E28220E1B00744D57 /* AppView.swift */,
				2D3ED89C282DCB93005301A5 /* HeaderView.swift */,
				2D3ED8A2282DDD58005301A5 /* DishesView.swift */,
				2D3ED8A4282DE567005301A5 /* FactsView.swift */,
				2D3ED8AE282DF85F005301A5 /* RecipeCardView.swift */,
				2D3ED8B0282EA3F2005301A5 /* RecipeRatingView.swift */,
				2D3ED8B2282EA4C3005301A5 /* RecipeCookingView.swift */,
				2D3ED8B4282EA5EB005301A5 /* RecipeDetailView.swift */,
				2D3ED8B6282ECD0F005301A5 /* RipeningView.swift */,
			);
			path = View;
			sourceTree = "<group>";
		};
		2DA5E62728220D5500744D57 /* App */ = {
			isa = PBXGroup;
			children = (
				2DA5E6152821FD4900744D57 /* AvocadoApp.swift */,
			);
			path = App;
			sourceTree = "<group>";
		};
/* End PBXGroup section */

/* Begin PBXNativeTarget section */
		2DA5E6112821FD4900744D57 /* Avocado */ = {
			isa = PBXNativeTarget;
			buildConfigurationList = 2DA5E6202821FD4D00744D57 /* Build configuration list for PBXNativeTarget "Avocado" */;
			buildPhases = (
				2DA5E60E2821FD4900744D57 /* Sources */,
				2DA5E60F2821FD4900744D57 /* Frameworks */,
				2DA5E6102821FD4900744D57 /* Resources */,
			);
			buildRules = (
			);
			dependencies = (
			);
			name = Avocado;
			productName = Avocado;
			productReference = 2DA5E6122821FD4900744D57 /* Avocado.app */;
			productType = "com.apple.product-type.application";
		};
/* End PBXNativeTarget section */

/* Begin PBXProject section */
		2DA5E60A2821FD4900744D57 /* Project object */ = {
			isa = PBXProject;
			attributes = {
				BuildIndependentTargetsInParallel = 1;
				LastSwiftUpdateCheck = 1330;
				LastUpgradeCheck = 1330;
				TargetAttributes = {
					2DA5E6112821FD4900744D57 = {
						CreatedOnToolsVersion = 13.3.1;
					};
				};
			};
			buildConfigurationList = 2DA5E60D2821FD4900744D57 /* Build configuration list for PBXProject "Avocado" */;
			compatibilityVersion = "Xcode 13.0";
			developmentRegion = en;
			hasScannedForEncodings = 0;
			knownRegions = (
				en,
				Base,
			);
			mainGroup = 2DA5E6092821FD4900744D57;
			productRefGroup = 2DA5E6132821FD4900744D57 /* Products */;
			projectDirPath = "";
			projectRoot = "";
			targets = (
				2DA5E6112821FD4900744D57 /* Avocado */,
			);
		};
/* End PBXProject section */

/* Begin PBXResourcesBuildPhase section */
		2DA5E6102821FD4900744D57 /* Resources */ = {
			isa = PBXResourcesBuildPhase;
			buildActionMask = 2147483647;
			files = (
				2DA5E61D2821FD4D00744D57 /* Preview Assets.xcassets in Resources */,
				2DA5E61A2821FD4D00744D57 /* Assets.xcassets in Resources */,
			);
			runOnlyForDeploymentPostprocessing = 0;
		};
/* End PBXResourcesBuildPhase section */

/* Begin PBXSourcesBuildPhase section */
		2DA5E60E2821FD4900744D57 /* Sources */ = {
			isa = PBXSourcesBuildPhase;
			buildActionMask = 2147483647;
			files = (
				2DA5E62D28220DE600744D57 /* SettingsView.swift in Sources */,
				2D3ED8B1282EA3F3005301A5 /* RecipeRatingView.swift in Sources */,
				2D3ED8B9282EF4BD005301A5 /* RipeningModel.swift in Sources */,
				2DA5E6182821FD4A00744D57 /* ContentView.swift in Sources */,
				2DA5E62F28220E1B00744D57 /* AppView.swift in Sources */,
				2D3ED8BB282EF4CC005301A5 /* RipeningData.swift in Sources */,
				2DA5E62B28220DD100744D57 /* RipeningStagesView.swift in Sources */,
				2DA5E6162821FD4A00744D57 /* AvocadoApp.swift in Sources */,
				2DA5E62928220D9300744D57 /* AvocadosView.swift in Sources */,
				2D3ED89F282DD1D1005301A5 /* HeaderModel.swift in Sources */,
				2D3ED8AB282DF7A5005301A5 /* RecipeModel.swift in Sources */,
				2D3ED8A1282DD29D005301A5 /* HeaderData.swift in Sources */,
				2D3ED8A3282DDD58005301A5 /* DishesView.swift in Sources */,
				2D3ED8B3282EA4C3005301A5 /* RecipeCookingView.swift in Sources */,
				2D3ED8B7282ECD0F005301A5 /* RipeningView.swift in Sources */,
				2D3ED8A7282DF142005301A5 /* FactModel.swift in Sources */,
				2D3ED8A5282DE568005301A5 /* FactsView.swift in Sources */,
				2D3ED8AF282DF85F005301A5 /* RecipeCardView.swift in Sources */,
				2D3ED8AD282DF7D9005301A5 /* RecipeData.swift in Sources */,
				2D3ED89D282DCB93005301A5 /* HeaderView.swift in Sources */,
				2D3ED8B5282EA5EB005301A5 /* RecipeDetailView.swift in Sources */,
				2D3ED8A9282DF3D0005301A5 /* FactData.swift in Sources */,
			);
			runOnlyForDeploymentPostprocessing = 0;
		};
/* End PBXSourcesBuildPhase section */

/* Begin XCBuildConfiguration section */
		2DA5E61E2821FD4D00744D57 /* Debug */ = {
			isa = XCBuildConfiguration;
			buildSettings = {
				ALWAYS_SEARCH_USER_PATHS = NO;
				CLANG_ANALYZER_NONNULL = YES;
				CLANG_ANALYZER_NUMBER_OBJECT_CONVERSION = YES_AGGRESSIVE;
				CLANG_CXX_LANGUAGE_STANDARD = "gnu++17";
				CLANG_ENABLE_MODULES = YES;
				CLANG_ENABLE_OBJC_ARC = YES;
				CLANG_ENABLE_OBJC_WEAK = YES;
				CLANG_WARN_BLOCK_CAPTURE_AUTORELEASING = YES;
				CLANG_WARN_BOOL_CONVERSION = YES;
				CLANG_WARN_COMMA = YES;
				CLANG_WARN_CONSTANT_CONVERSION = YES;
				CLANG_WARN_DEPRECATED_OBJC_IMPLEMENTATIONS = YES;
				CLANG_WARN_DIRECT_OBJC_ISA_USAGE = YES_ERROR;
				CLANG_WARN_DOCUMENTATION_COMMENTS = YES;
				CLANG_WARN_EMPTY_BODY = YES;
				CLANG_WARN_ENUM_CONVERSION = YES;
				CLANG_WARN_INFINITE_RECURSION = YES;
				CLANG_WARN_INT_CONVERSION = YES;
				CLANG_WARN_NON_LITERAL_NULL_CONVERSION = YES;
				CLANG_WARN_OBJC_IMPLICIT_RETAIN_SELF = YES;
				CLANG_WARN_OBJC_LITERAL_CONVERSION = YES;
				CLANG_WARN_OBJC_ROOT_CLASS = YES_ERROR;
				CLANG_WARN_QUOTED_INCLUDE_IN_FRAMEWORK_HEADER = YES;
				CLANG_WARN_RANGE_LOOP_ANALYSIS = YES;
				CLANG_WARN_STRICT_PROTOTYPES = YES;
				CLANG_WARN_SUSPICIOUS_MOVE = YES;
				CLANG_WARN_UNGUARDED_AVAILABILITY = YES_AGGRESSIVE;
				CLANG_WARN_UNREACHABLE_CODE = YES;
				CLANG_WARN__DUPLICATE_METHOD_MATCH = YES;
				COPY_PHASE_STRIP = NO;
				DEBUG_INFORMATION_FORMAT = dwarf;
				ENABLE_STRICT_OBJC_MSGSEND = YES;
				ENABLE_TESTABILITY = YES;
				GCC_C_LANGUAGE_STANDARD = gnu11;
				GCC_DYNAMIC_NO_PIC = NO;
				GCC_NO_COMMON_BLOCKS = YES;
				GCC_OPTIMIZATION_LEVEL = 0;
				GCC_PREPROCESSOR_DEFINITIONS = (
					"DEBUG=1",
					"$(inherited)",
				);
				GCC_WARN_64_TO_32_BIT_CONVERSION = YES;
				GCC_WARN_ABOUT_RETURN_TYPE = YES_ERROR;
				GCC_WARN_UNDECLARED_SELECTOR = YES;
				GCC_WARN_UNINITIALIZED_AUTOS = YES_AGGRESSIVE;
				GCC_WARN_UNUSED_FUNCTION = YES;
				GCC_WARN_UNUSED_VARIABLE = YES;
				IPHONEOS_DEPLOYMENT_TARGET = 15.4;
				MTL_ENABLE_DEBUG_INFO = INCLUDE_SOURCE;
				MTL_FAST_MATH = YES;
				ONLY_ACTIVE_ARCH = YES;
				SDKROOT = iphoneos;
				SWIFT_ACTIVE_COMPILATION_CONDITIONS = DEBUG;
				SWIFT_OPTIMIZATION_LEVEL = "-Onone";
			};
			name = Debug;
		};
		2DA5E61F2821FD4D00744D57 /* Release */ = {
			isa = XCBuildConfiguration;
			buildSettings = {
				ALWAYS_SEARCH_USER_PATHS = NO;
				CLANG_ANALYZER_NONNULL = YES;
				CLANG_ANALYZER_NUMBER_OBJECT_CONVERSION = YES_AGGRESSIVE;
				CLANG_CXX_LANGUAGE_STANDARD = "gnu++17";
				CLANG_ENABLE_MODULES = YES;
				CLANG_ENABLE_OBJC_ARC = YES;
				CLANG_ENABLE_OBJC_WEAK = YES;
				CLANG_WARN_BLOCK_CAPTURE_AUTORELEASING = YES;
				CLANG_WARN_BOOL_CONVERSION = YES;
				CLANG_WARN_COMMA = YES;
				CLANG_WARN_CONSTANT_CONVERSION = YES;
				CLANG_WARN_DEPRECATED_OBJC_IMPLEMENTATIONS = YES;
				CLANG_WARN_DIRECT_OBJC_ISA_USAGE = YES_ERROR;
				CLANG_WARN_DOCUMENTATION_COMMENTS = YES;
				CLANG_WARN_EMPTY_BODY = YES;
				CLANG_WARN_ENUM_CONVERSION = YES;
				CLANG_WARN_INFINITE_RECURSION = YES;
				CLANG_WARN_INT_CONVERSION = YES;
				CLANG_WARN_NON_LITERAL_NULL_CONVERSION = YES;
				CLANG_WARN_OBJC_IMPLICIT_RETAIN_SELF = YES;
				CLANG_WARN_OBJC_LITERAL_CONVERSION = YES;
				CLANG_WARN_OBJC_ROOT_CLASS = YES_ERROR;
				CLANG_WARN_QUOTED_INCLUDE_IN_FRAMEWORK_HEADER = YES;
				CLANG_WARN_RANGE_LOOP_ANALYSIS = YES;
				CLANG_WARN_STRICT_PROTOTYPES = YES;
				CLANG_WARN_SUSPICIOUS_MOVE = YES;
				CLANG_WARN_UNGUARDED_AVAILABILITY = YES_AGGRESSIVE;
				CLANG_WARN_UNREACHABLE_CODE = YES;
				CLANG_WARN__DUPLICATE_METHOD_MATCH = YES;
				COPY_PHASE_STRIP = NO;
				DEBUG_INFORMATION_FORMAT = "dwarf-with-dsym";
				ENABLE_NS_ASSERTIONS = NO;
				ENABLE_STRICT_OBJC_MSGSEND = YES;
				GCC_C_LANGUAGE_STANDARD = gnu11;
				GCC_NO_COMMON_BLOCKS = YES;
				GCC_WARN_64_TO_32_BIT_CONVERSION = YES;
				GCC_WARN_ABOUT_RETURN_TYPE = YES_ERROR;
				GCC_WARN_UNDECLARED_SELECTOR = YES;
				GCC_WARN_UNINITIALIZED_AUTOS = YES_AGGRESSIVE;
				GCC_WARN_UNUSED_FUNCTION = YES;
				GCC_WARN_UNUSED_VARIABLE = YES;
				IPHONEOS_DEPLOYMENT_TARGET = 15.4;
				MTL_ENABLE_DEBUG_INFO = NO;
				MTL_FAST_MATH = YES;
				SDKROOT = iphoneos;
				SWIFT_COMPILATION_MODE = wholemodule;
				SWIFT_OPTIMIZATION_LEVEL = "-O";
				VALIDATE_PRODUCT = YES;
			};
			name = Release;
		};
		2DA5E6212821FD4D00744D57 /* Debug */ = {
			isa = XCBuildConfiguration;
			buildSettings = {
				ASSETCATALOG_COMPILER_APPICON_NAME = AppIcon;
				ASSETCATALOG_COMPILER_GLOBAL_ACCENT_COLOR_NAME = AccentColor;
				CODE_SIGN_STYLE = Automatic;
				CURRENT_PROJECT_VERSION = 1;
				DEVELOPMENT_ASSET_PATHS = "\"Avocado/Preview Content\"";
				DEVELOPMENT_TEAM = 7RT4X7Y335;
				ENABLE_PREVIEWS = YES;
				GENERATE_INFOPLIST_FILE = YES;
				INFOPLIST_FILE = Avocado/Info.plist;
				INFOPLIST_KEY_UIApplicationSceneManifest_Generation = YES;
				INFOPLIST_KEY_UIApplicationSupportsIndirectInputEvents = YES;
				INFOPLIST_KEY_UISupportedInterfaceOrientations = UIInterfaceOrientationPortrait;
				INFOPLIST_KEY_UISupportedInterfaceOrientations_iPad = "UIInterfaceOrientationPortrait UIInterfaceOrientationPortraitUpsideDown UIInterfaceOrientationLandscapeLeft UIInterfaceOrientationLandscapeRight";
				INFOPLIST_KEY_UISupportedInterfaceOrientations_iPhone = "UIInterfaceOrientationPortrait UIInterfaceOrientationLandscapeLeft UIInterfaceOrientationLandscapeRight";
				LD_RUNPATH_SEARCH_PATHS = (
					"$(inherited)",
					"@executable_path/Frameworks",
				);
				MARKETING_VERSION = 1.0;
				PRODUCT_BUNDLE_IDENTIFIER = com.hlenterprises.Avocado;
				PRODUCT_NAME = "$(TARGET_NAME)";
				SWIFT_EMIT_LOC_STRINGS = YES;
				SWIFT_VERSION = 5.0;
				TARGETED_DEVICE_FAMILY = "1,2";
			};
			name = Debug;
		};
		2DA5E6222821FD4D00744D57 /* Release */ = {
			isa = XCBuildConfiguration;
			buildSettings = {
				ASSETCATALOG_COMPILER_APPICON_NAME = AppIcon;
				ASSETCATALOG_COMPILER_GLOBAL_ACCENT_COLOR_NAME = AccentColor;
				CODE_SIGN_STYLE = Automatic;
				CURRENT_PROJECT_VERSION = 1;
				DEVELOPMENT_ASSET_PATHS = "\"Avocado/Preview Content\"";
				DEVELOPMENT_TEAM = 7RT4X7Y335;
				ENABLE_PREVIEWS = YES;
				GENERATE_INFOPLIST_FILE = YES;
				INFOPLIST_FILE = Avocado/Info.plist;
				INFOPLIST_KEY_UIApplicationSceneManifest_Generation = YES;
				INFOPLIST_KEY_UIApplicationSupportsIndirectInputEvents = YES;
				INFOPLIST_KEY_UISupportedInterfaceOrientations = UIInterfaceOrientationPortrait;
				INFOPLIST_KEY_UISupportedInterfaceOrientations_iPad = "UIInterfaceOrientationPortrait UIInterfaceOrientationPortraitUpsideDown UIInterfaceOrientationLandscapeLeft UIInterfaceOrientationLandscapeRight";
				INFOPLIST_KEY_UISupportedInterfaceOrientations_iPhone = "UIInterfaceOrientationPortrait UIInterfaceOrientationLandscapeLeft UIInterfaceOrientationLandscapeRight";
				LD_RUNPATH_SEARCH_PATHS = (
					"$(inherited)",
					"@executable_path/Frameworks",
				);
				MARKETING_VERSION = 1.0;
				PRODUCT_BUNDLE_IDENTIFIER = com.hlenterprises.Avocado;
				PRODUCT_NAME = "$(TARGET_NAME)";
				SWIFT_EMIT_LOC_STRINGS = YES;
				SWIFT_VERSION = 5.0;
				TARGETED_DEVICE_FAMILY = "1,2";
			};
			name = Release;
		};
/* End XCBuildConfiguration section */

/* Begin XCConfigurationList section */
		2DA5E60D2821FD4900744D57 /* Build configuration list for PBXProject "Avocado" */ = {
			isa = XCConfigurationList;
			buildConfigurations = (
				2DA5E61E2821FD4D00744D57 /* Debug */,
				2DA5E61F2821FD4D00744D57 /* Release */,
			);
			defaultConfigurationIsVisible = 0;
			defaultConfigurationName = Release;
		};
		2DA5E6202821FD4D00744D57 /* Build configuration list for PBXNativeTarget "Avocado" */ = {
			isa = XCConfigurationList;
			buildConfigurations = (
				2DA5E6212821FD4D00744D57 /* Debug */,
				2DA5E6222821FD4D00744D57 /* Release */,
			);
			defaultConfigurationIsVisible = 0;
			defaultConfigurationName = Release;
		};
/* End XCConfigurationList section */
	};
	rootObject = 2DA5E60A2821FD4900744D57 /* Project object */;
}
